
Microsoft Visual Studio Solution File, Format Version 12.00
# Visual Studio 15
VisualStudioVersion = 15.0.26124.0
MinimumVisualStudioVersion = 15.0.26124.0
Project("{2150E333-8FDC-42A3-9474-1A3956D46DE8}") = "test", "test", "{1806C40A-D845-4067-9CA5-DECDA4B8AD0C}"
EndProject
Project("{F2A71F9B-5D33-465A-A702-920D77279786}") = "Day01.Tests", "test\Day01.Tests\Day01.Tests.fsproj", "{E7576223-CAA9-46E4-AAA5-DE16815424FA}"
EndProject
Project("{2150E333-8FDC-42A3-9474-1A3956D46DE8}") = "src", "src", "{BD13172B-8002-4C95-9BF4-0B99966B9B0B}"
EndProject
Project("{F2A71F9B-5D33-465A-A702-920D77279786}") = "Day01", "src\Day01\Day01.fsproj", "{2BB013FE-060F-4FE4-91A4-E575DED2043F}"
EndProject
Project("{F2A71F9B-5D33-465A-A702-920D77279786}") = "Day02", "src\Day02\Day02.fsproj", "{DDC1AA0D-26CC-441A-8354-F4B71003D5DE}"
EndProject
Project("{F2A71F9B-5D33-465A-A702-920D77279786}") = "Day02.Tests", "test\Day02.Tests\Day02.Tests.fsproj", "{4200E53F-CE0B-4B53-8CA5-301B2DA7DE48}"
EndProject
Global
	GlobalSection(SolutionConfigurationPlatforms) = preSolution
		Debug|Any CPU = Debug|Any CPU
		Debug|x64 = Debug|x64
		Debug|x86 = Debug|x86
		Release|Any CPU = Release|Any CPU
		Release|x64 = Release|x64
		Release|x86 = Release|x86
	EndGlobalSection
	GlobalSection(SolutionProperties) = preSolution
		HideSolutionNode = FALSE
	EndGlobalSection
	GlobalSection(ProjectConfigurationPlatforms) = postSolution
		{E7576223-CAA9-46E4-AAA5-DE16815424FA}.Debug|Any CPU.ActiveCfg = Debug|Any CPU
		{E7576223-CAA9-46E4-AAA5-DE16815424FA}.Debug|Any CPU.Build.0 = Debug|Any CPU
		{E7576223-CAA9-46E4-AAA5-DE16815424FA}.Debug|x64.ActiveCfg = Debug|Any CPU
		{E7576223-CAA9-46E4-AAA5-DE16815424FA}.Debug|x64.Build.0 = Debug|Any CPU
		{E7576223-CAA9-46E4-AAA5-DE16815424FA}.Debug|x86.ActiveCfg = Debug|Any CPU
		{E7576223-CAA9-46E4-AAA5-DE16815424FA}.Debug|x86.Build.0 = Debug|Any CPU
		{E7576223-CAA9-46E4-AAA5-DE16815424FA}.Release|Any CPU.ActiveCfg = Release|Any CPU
		{E7576223-CAA9-46E4-AAA5-DE16815424FA}.Release|Any CPU.Build.0 = Release|Any CPU
		{E7576223-CAA9-46E4-AAA5-DE16815424FA}.Release|x64.ActiveCfg = Release|Any CPU
		{E7576223-CAA9-46E4-AAA5-DE16815424FA}.Release|x64.Build.0 = Release|Any CPU
		{E7576223-CAA9-46E4-AAA5-DE16815424FA}.Release|x86.ActiveCfg = Release|Any CPU
		{E7576223-CAA9-46E4-AAA5-DE16815424FA}.Release|x86.Build.0 = Release|Any CPU
		{2BB013FE-060F-4FE4-91A4-E575DED2043F}.Debug|Any CPU.ActiveCfg = Debug|Any CPU
		{2BB013FE-060F-4FE4-91A4-E575DED2043F}.Debug|Any CPU.Build.0 = Debug|Any CPU
		{2BB013FE-060F-4FE4-91A4-E575DED2043F}.Debug|x64.ActiveCfg = Debug|Any CPU
		{2BB013FE-060F-4FE4-91A4-E575DED2043F}.Debug|x64.Build.0 = Debug|Any CPU
		{2BB013FE-060F-4FE4-91A4-E575DED2043F}.Debug|x86.ActiveCfg = Debug|Any CPU
		{2BB013FE-060F-4FE4-91A4-E575DED2043F}.Debug|x86.Build.0 = Debug|Any CPU
		{2BB013FE-060F-4FE4-91A4-E575DED2043F}.Release|Any CPU.ActiveCfg = Release|Any CPU
		{2BB013FE-060F-4FE4-91A4-E575DED2043F}.Release|Any CPU.Build.0 = Release|Any CPU
		{2BB013FE-060F-4FE4-91A4-E575DED2043F}.Release|x64.ActiveCfg = Release|Any CPU
		{2BB013FE-060F-4FE4-91A4-E575DED2043F}.Release|x64.Build.0 = Release|Any CPU
		{2BB013FE-060F-4FE4-91A4-E575DED2043F}.Release|x86.ActiveCfg = Release|Any CPU
		{2BB013FE-060F-4FE4-91A4-E575DED2043F}.Release|x86.Build.0 = Release|Any CPU
		{DDC1AA0D-26CC-441A-8354-F4B71003D5DE}.Debug|Any CPU.ActiveCfg = Debug|Any CPU
		{DDC1AA0D-26CC-441A-8354-F4B71003D5DE}.Debug|Any CPU.Build.0 = Debug|Any CPU
		{DDC1AA0D-26CC-441A-8354-F4B71003D5DE}.Debug|x64.ActiveCfg = Debug|Any CPU
		{DDC1AA0D-26CC-441A-8354-F4B71003D5DE}.Debug|x64.Build.0 = Debug|Any CPU
		{DDC1AA0D-26CC-441A-8354-F4B71003D5DE}.Debug|x86.ActiveCfg = Debug|Any CPU
		{DDC1AA0D-26CC-441A-8354-F4B71003D5DE}.Debug|x86.Build.0 = Debug|Any CPU
		{DDC1AA0D-26CC-441A-8354-F4B71003D5DE}.Release|Any CPU.ActiveCfg = Release|Any CPU
		{DDC1AA0D-26CC-441A-8354-F4B71003D5DE}.Release|Any CPU.Build.0 = Release|Any CPU
		{DDC1AA0D-26CC-441A-8354-F4B71003D5DE}.Release|x64.ActiveCfg = Release|Any CPU
		{DDC1AA0D-26CC-441A-8354-F4B71003D5DE}.Release|x64.Build.0 = Release|Any CPU
		{DDC1AA0D-26CC-441A-8354-F4B71003D5DE}.Release|x86.ActiveCfg = Release|Any CPU
		{DDC1AA0D-26CC-441A-8354-F4B71003D5DE}.Release|x86.Build.0 = Release|Any CPU
		{4200E53F-CE0B-4B53-8CA5-301B2DA7DE48}.Debug|Any CPU.ActiveCfg = Debug|Any CPU
		{4200E53F-CE0B-4B53-8CA5-301B2DA7DE48}.Debug|Any CPU.Build.0 = Debug|Any CPU
		{4200E53F-CE0B-4B53-8CA5-301B2DA7DE48}.Debug|x64.ActiveCfg = Debug|Any CPU
		{4200E53F-CE0B-4B53-8CA5-301B2DA7DE48}.Debug|x64.Build.0 = Debug|Any CPU
		{4200E53F-CE0B-4B53-8CA5-301B2DA7DE48}.Debug|x86.ActiveCfg = Debug|Any CPU
		{4200E53F-CE0B-4B53-8CA5-301B2DA7DE48}.Debug|x86.Build.0 = Debug|Any CPU
		{4200E53F-CE0B-4B53-8CA5-301B2DA7DE48}.Release|Any CPU.ActiveCfg = Release|Any CPU
		{4200E53F-CE0B-4B53-8CA5-301B2DA7DE48}.Release|Any CPU.Build.0 = Release|Any CPU
		{4200E53F-CE0B-4B53-8CA5-301B2DA7DE48}.Release|x64.ActiveCfg = Release|Any CPU
		{4200E53F-CE0B-4B53-8CA5-301B2DA7DE48}.Release|x64.Build.0 = Release|Any CPU
		{4200E53F-CE0B-4B53-8CA5-301B2DA7DE48}.Release|x86.ActiveCfg = Release|Any CPU
		{4200E53F-CE0B-4B53-8CA5-301B2DA7DE48}.Release|x86.Build.0 = Release|Any CPU
	EndGlobalSection
	GlobalSection(NestedProjects) = preSolution
		{E7576223-CAA9-46E4-AAA5-DE16815424FA} = {1806C40A-D845-4067-9CA5-DECDA4B8AD0C}
		{2BB013FE-060F-4FE4-91A4-E575DED2043F} = {BD13172B-8002-4C95-9BF4-0B99966B9B0B}
		{DDC1AA0D-26CC-441A-8354-F4B71003D5DE} = {BD13172B-8002-4C95-9BF4-0B99966B9B0B}
		{4200E53F-CE0B-4B53-8CA5-301B2DA7DE48} = {1806C40A-D845-4067-9CA5-DECDA4B8AD0C}
	EndGlobalSection
EndGlobal
