
Microsoft Visual Studio Solution File, Format Version 12.00
# Visual Studio 15
VisualStudioVersion = 15.0.26124.0
MinimumVisualStudioVersion = 15.0.26124.0
Project("{2150E333-8FDC-42A3-9474-1A3956D46DE8}") = "test", "test", "{1806C40A-D845-4067-9CA5-DECDA4B8AD0C}"
EndProject
Project("{F2A71F9B-5D33-465A-A702-920D77279786}") = "Day01.Tests", "test\Day01.Tests\Day01.Tests.fsproj", "{E7576223-CAA9-46E4-AAA5-DE16815424FA}"
EndProject
Project("{2150E333-8FDC-42A3-9474-1A3956D46DE8}") = "src", "src", "{BD13172B-8002-4C95-9BF4-0B99966B9B0B}"
EndProject
Project("{F2A71F9B-5D33-465A-A702-920D77279786}") = "Day01", "src\Day01\Day01.fsproj", "{2BB013FE-060F-4FE4-91A4-E575DED2043F}"
EndProject
Project("{F2A71F9B-5D33-465A-A702-920D77279786}") = "Day02", "src\Day02\Day02.fsproj", "{DDC1AA0D-26CC-441A-8354-F4B71003D5DE}"
EndProject
Project("{F2A71F9B-5D33-465A-A702-920D77279786}") = "Day02.Tests", "test\Day02.Tests\Day02.Tests.fsproj", "{4200E53F-CE0B-4B53-8CA5-301B2DA7DE48}"
EndProject
Project("{F2A71F9B-5D33-465A-A702-920D77279786}") = "Day03", "src\Day03\Day03.fsproj", "{848D9EE7-8460-44A7-BF5B-6D0137165DE7}"
EndProject
Project("{F2A71F9B-5D33-465A-A702-920D77279786}") = "Day03.Tests", "test\Day03.Tests\Day03.Tests.fsproj", "{A22D12E5-53E2-4CB7-9524-2C42C19181F2}"
EndProject
Project("{F2A71F9B-5D33-465A-A702-920D77279786}") = "Day04", "src\Day04\Day04.fsproj", "{5461218F-F9EE-4150-8699-4AE3E2480890}"
EndProject
Project("{F2A71F9B-5D33-465A-A702-920D77279786}") = "Day04.Tests", "test\Day04.Tests\Day04.Tests.fsproj", "{0C963A4E-B050-41C5-B810-ECD89837E2B7}"
EndProject
Project("{F2A71F9B-5D33-465A-A702-920D77279786}") = "Day05", "src\Day05\Day05.fsproj", "{785FBEF9-4B63-425F-9CAD-C1007D4E81AC}"
EndProject
Project("{F2A71F9B-5D33-465A-A702-920D77279786}") = "Day05.Tests", "test\Day05.Tests\Day05.Tests.fsproj", "{B50D82CE-FE3A-45E9-8A5F-EE1B527A0002}"
EndProject
Project("{F2A71F9B-5D33-465A-A702-920D77279786}") = "Day06", "src\Day06\Day06.fsproj", "{77C7BD59-01B2-48D6-877E-95AC1C65EE4C}"
EndProject
Project("{F2A71F9B-5D33-465A-A702-920D77279786}") = "Day06.Tests", "test\Day06.Tests\Day06.Tests.fsproj", "{0B18FE5C-1F2E-46D2-B8E0-BC06B99CD599}"
EndProject
Project("{F2A71F9B-5D33-465A-A702-920D77279786}") = "Common", "src\Common\Common.fsproj", "{B6D8C2AD-EECF-41B2-B986-A70D0C6C41DB}"
EndProject
Project("{F2A71F9B-5D33-465A-A702-920D77279786}") = "Common.Tests", "test\Common.Tests\Common.Tests.fsproj", "{E66F1A44-03EE-4CDC-BB4C-20ACD0406E84}"
EndProject
Global
	GlobalSection(SolutionConfigurationPlatforms) = preSolution
		Debug|Any CPU = Debug|Any CPU
		Debug|x64 = Debug|x64
		Debug|x86 = Debug|x86
		Release|Any CPU = Release|Any CPU
		Release|x64 = Release|x64
		Release|x86 = Release|x86
	EndGlobalSection
	GlobalSection(SolutionProperties) = preSolution
		HideSolutionNode = FALSE
	EndGlobalSection
	GlobalSection(ProjectConfigurationPlatforms) = postSolution
		{E7576223-CAA9-46E4-AAA5-DE16815424FA}.Debug|Any CPU.ActiveCfg = Debug|Any CPU
		{E7576223-CAA9-46E4-AAA5-DE16815424FA}.Debug|Any CPU.Build.0 = Debug|Any CPU
		{E7576223-CAA9-46E4-AAA5-DE16815424FA}.Debug|x64.ActiveCfg = Debug|Any CPU
		{E7576223-CAA9-46E4-AAA5-DE16815424FA}.Debug|x64.Build.0 = Debug|Any CPU
		{E7576223-CAA9-46E4-AAA5-DE16815424FA}.Debug|x86.ActiveCfg = Debug|Any CPU
		{E7576223-CAA9-46E4-AAA5-DE16815424FA}.Debug|x86.Build.0 = Debug|Any CPU
		{E7576223-CAA9-46E4-AAA5-DE16815424FA}.Release|Any CPU.ActiveCfg = Release|Any CPU
		{E7576223-CAA9-46E4-AAA5-DE16815424FA}.Release|Any CPU.Build.0 = Release|Any CPU
		{E7576223-CAA9-46E4-AAA5-DE16815424FA}.Release|x64.ActiveCfg = Release|Any CPU
		{E7576223-CAA9-46E4-AAA5-DE16815424FA}.Release|x64.Build.0 = Release|Any CPU
		{E7576223-CAA9-46E4-AAA5-DE16815424FA}.Release|x86.ActiveCfg = Release|Any CPU
		{E7576223-CAA9-46E4-AAA5-DE16815424FA}.Release|x86.Build.0 = Release|Any CPU
		{2BB013FE-060F-4FE4-91A4-E575DED2043F}.Debug|Any CPU.ActiveCfg = Debug|Any CPU
		{2BB013FE-060F-4FE4-91A4-E575DED2043F}.Debug|Any CPU.Build.0 = Debug|Any CPU
		{2BB013FE-060F-4FE4-91A4-E575DED2043F}.Debug|x64.ActiveCfg = Debug|Any CPU
		{2BB013FE-060F-4FE4-91A4-E575DED2043F}.Debug|x64.Build.0 = Debug|Any CPU
		{2BB013FE-060F-4FE4-91A4-E575DED2043F}.Debug|x86.ActiveCfg = Debug|Any CPU
		{2BB013FE-060F-4FE4-91A4-E575DED2043F}.Debug|x86.Build.0 = Debug|Any CPU
		{2BB013FE-060F-4FE4-91A4-E575DED2043F}.Release|Any CPU.ActiveCfg = Release|Any CPU
		{2BB013FE-060F-4FE4-91A4-E575DED2043F}.Release|Any CPU.Build.0 = Release|Any CPU
		{2BB013FE-060F-4FE4-91A4-E575DED2043F}.Release|x64.ActiveCfg = Release|Any CPU
		{2BB013FE-060F-4FE4-91A4-E575DED2043F}.Release|x64.Build.0 = Release|Any CPU
		{2BB013FE-060F-4FE4-91A4-E575DED2043F}.Release|x86.ActiveCfg = Release|Any CPU
		{2BB013FE-060F-4FE4-91A4-E575DED2043F}.Release|x86.Build.0 = Release|Any CPU
		{DDC1AA0D-26CC-441A-8354-F4B71003D5DE}.Debug|Any CPU.ActiveCfg = Debug|Any CPU
		{DDC1AA0D-26CC-441A-8354-F4B71003D5DE}.Debug|Any CPU.Build.0 = Debug|Any CPU
		{DDC1AA0D-26CC-441A-8354-F4B71003D5DE}.Debug|x64.ActiveCfg = Debug|Any CPU
		{DDC1AA0D-26CC-441A-8354-F4B71003D5DE}.Debug|x64.Build.0 = Debug|Any CPU
		{DDC1AA0D-26CC-441A-8354-F4B71003D5DE}.Debug|x86.ActiveCfg = Debug|Any CPU
		{DDC1AA0D-26CC-441A-8354-F4B71003D5DE}.Debug|x86.Build.0 = Debug|Any CPU
		{DDC1AA0D-26CC-441A-8354-F4B71003D5DE}.Release|Any CPU.ActiveCfg = Release|Any CPU
		{DDC1AA0D-26CC-441A-8354-F4B71003D5DE}.Release|Any CPU.Build.0 = Release|Any CPU
		{DDC1AA0D-26CC-441A-8354-F4B71003D5DE}.Release|x64.ActiveCfg = Release|Any CPU
		{DDC1AA0D-26CC-441A-8354-F4B71003D5DE}.Release|x64.Build.0 = Release|Any CPU
		{DDC1AA0D-26CC-441A-8354-F4B71003D5DE}.Release|x86.ActiveCfg = Release|Any CPU
		{DDC1AA0D-26CC-441A-8354-F4B71003D5DE}.Release|x86.Build.0 = Release|Any CPU
		{4200E53F-CE0B-4B53-8CA5-301B2DA7DE48}.Debug|Any CPU.ActiveCfg = Debug|Any CPU
		{4200E53F-CE0B-4B53-8CA5-301B2DA7DE48}.Debug|Any CPU.Build.0 = Debug|Any CPU
		{4200E53F-CE0B-4B53-8CA5-301B2DA7DE48}.Debug|x64.ActiveCfg = Debug|Any CPU
		{4200E53F-CE0B-4B53-8CA5-301B2DA7DE48}.Debug|x64.Build.0 = Debug|Any CPU
		{4200E53F-CE0B-4B53-8CA5-301B2DA7DE48}.Debug|x86.ActiveCfg = Debug|Any CPU
		{4200E53F-CE0B-4B53-8CA5-301B2DA7DE48}.Debug|x86.Build.0 = Debug|Any CPU
		{4200E53F-CE0B-4B53-8CA5-301B2DA7DE48}.Release|Any CPU.ActiveCfg = Release|Any CPU
		{4200E53F-CE0B-4B53-8CA5-301B2DA7DE48}.Release|Any CPU.Build.0 = Release|Any CPU
		{4200E53F-CE0B-4B53-8CA5-301B2DA7DE48}.Release|x64.ActiveCfg = Release|Any CPU
		{4200E53F-CE0B-4B53-8CA5-301B2DA7DE48}.Release|x64.Build.0 = Release|Any CPU
		{4200E53F-CE0B-4B53-8CA5-301B2DA7DE48}.Release|x86.ActiveCfg = Release|Any CPU
		{4200E53F-CE0B-4B53-8CA5-301B2DA7DE48}.Release|x86.Build.0 = Release|Any CPU
		{848D9EE7-8460-44A7-BF5B-6D0137165DE7}.Debug|Any CPU.ActiveCfg = Debug|Any CPU
		{848D9EE7-8460-44A7-BF5B-6D0137165DE7}.Debug|Any CPU.Build.0 = Debug|Any CPU
		{848D9EE7-8460-44A7-BF5B-6D0137165DE7}.Debug|x64.ActiveCfg = Debug|Any CPU
		{848D9EE7-8460-44A7-BF5B-6D0137165DE7}.Debug|x64.Build.0 = Debug|Any CPU
		{848D9EE7-8460-44A7-BF5B-6D0137165DE7}.Debug|x86.ActiveCfg = Debug|Any CPU
		{848D9EE7-8460-44A7-BF5B-6D0137165DE7}.Debug|x86.Build.0 = Debug|Any CPU
		{848D9EE7-8460-44A7-BF5B-6D0137165DE7}.Release|Any CPU.ActiveCfg = Release|Any CPU
		{848D9EE7-8460-44A7-BF5B-6D0137165DE7}.Release|Any CPU.Build.0 = Release|Any CPU
		{848D9EE7-8460-44A7-BF5B-6D0137165DE7}.Release|x64.ActiveCfg = Release|Any CPU
		{848D9EE7-8460-44A7-BF5B-6D0137165DE7}.Release|x64.Build.0 = Release|Any CPU
		{848D9EE7-8460-44A7-BF5B-6D0137165DE7}.Release|x86.ActiveCfg = Release|Any CPU
		{848D9EE7-8460-44A7-BF5B-6D0137165DE7}.Release|x86.Build.0 = Release|Any CPU
		{A22D12E5-53E2-4CB7-9524-2C42C19181F2}.Debug|Any CPU.ActiveCfg = Debug|Any CPU
		{A22D12E5-53E2-4CB7-9524-2C42C19181F2}.Debug|Any CPU.Build.0 = Debug|Any CPU
		{A22D12E5-53E2-4CB7-9524-2C42C19181F2}.Debug|x64.ActiveCfg = Debug|Any CPU
		{A22D12E5-53E2-4CB7-9524-2C42C19181F2}.Debug|x64.Build.0 = Debug|Any CPU
		{A22D12E5-53E2-4CB7-9524-2C42C19181F2}.Debug|x86.ActiveCfg = Debug|Any CPU
		{A22D12E5-53E2-4CB7-9524-2C42C19181F2}.Debug|x86.Build.0 = Debug|Any CPU
		{A22D12E5-53E2-4CB7-9524-2C42C19181F2}.Release|Any CPU.ActiveCfg = Release|Any CPU
		{A22D12E5-53E2-4CB7-9524-2C42C19181F2}.Release|Any CPU.Build.0 = Release|Any CPU
		{A22D12E5-53E2-4CB7-9524-2C42C19181F2}.Release|x64.ActiveCfg = Release|Any CPU
		{A22D12E5-53E2-4CB7-9524-2C42C19181F2}.Release|x64.Build.0 = Release|Any CPU
		{A22D12E5-53E2-4CB7-9524-2C42C19181F2}.Release|x86.ActiveCfg = Release|Any CPU
		{A22D12E5-53E2-4CB7-9524-2C42C19181F2}.Release|x86.Build.0 = Release|Any CPU
		{5461218F-F9EE-4150-8699-4AE3E2480890}.Debug|Any CPU.ActiveCfg = Debug|Any CPU
		{5461218F-F9EE-4150-8699-4AE3E2480890}.Debug|Any CPU.Build.0 = Debug|Any CPU
		{5461218F-F9EE-4150-8699-4AE3E2480890}.Debug|x64.ActiveCfg = Debug|Any CPU
		{5461218F-F9EE-4150-8699-4AE3E2480890}.Debug|x64.Build.0 = Debug|Any CPU
		{5461218F-F9EE-4150-8699-4AE3E2480890}.Debug|x86.ActiveCfg = Debug|Any CPU
		{5461218F-F9EE-4150-8699-4AE3E2480890}.Debug|x86.Build.0 = Debug|Any CPU
		{5461218F-F9EE-4150-8699-4AE3E2480890}.Release|Any CPU.ActiveCfg = Release|Any CPU
		{5461218F-F9EE-4150-8699-4AE3E2480890}.Release|Any CPU.Build.0 = Release|Any CPU
		{5461218F-F9EE-4150-8699-4AE3E2480890}.Release|x64.ActiveCfg = Release|Any CPU
		{5461218F-F9EE-4150-8699-4AE3E2480890}.Release|x64.Build.0 = Release|Any CPU
		{5461218F-F9EE-4150-8699-4AE3E2480890}.Release|x86.ActiveCfg = Release|Any CPU
		{5461218F-F9EE-4150-8699-4AE3E2480890}.Release|x86.Build.0 = Release|Any CPU
		{0C963A4E-B050-41C5-B810-ECD89837E2B7}.Debug|Any CPU.ActiveCfg = Debug|Any CPU
		{0C963A4E-B050-41C5-B810-ECD89837E2B7}.Debug|Any CPU.Build.0 = Debug|Any CPU
		{0C963A4E-B050-41C5-B810-ECD89837E2B7}.Debug|x64.ActiveCfg = Debug|Any CPU
		{0C963A4E-B050-41C5-B810-ECD89837E2B7}.Debug|x64.Build.0 = Debug|Any CPU
		{0C963A4E-B050-41C5-B810-ECD89837E2B7}.Debug|x86.ActiveCfg = Debug|Any CPU
		{0C963A4E-B050-41C5-B810-ECD89837E2B7}.Debug|x86.Build.0 = Debug|Any CPU
		{0C963A4E-B050-41C5-B810-ECD89837E2B7}.Release|Any CPU.ActiveCfg = Release|Any CPU
		{0C963A4E-B050-41C5-B810-ECD89837E2B7}.Release|Any CPU.Build.0 = Release|Any CPU
		{0C963A4E-B050-41C5-B810-ECD89837E2B7}.Release|x64.ActiveCfg = Release|Any CPU
		{0C963A4E-B050-41C5-B810-ECD89837E2B7}.Release|x64.Build.0 = Release|Any CPU
		{0C963A4E-B050-41C5-B810-ECD89837E2B7}.Release|x86.ActiveCfg = Release|Any CPU
		{0C963A4E-B050-41C5-B810-ECD89837E2B7}.Release|x86.Build.0 = Release|Any CPU
		{785FBEF9-4B63-425F-9CAD-C1007D4E81AC}.Debug|Any CPU.ActiveCfg = Debug|Any CPU
		{785FBEF9-4B63-425F-9CAD-C1007D4E81AC}.Debug|Any CPU.Build.0 = Debug|Any CPU
		{785FBEF9-4B63-425F-9CAD-C1007D4E81AC}.Debug|x64.ActiveCfg = Debug|Any CPU
		{785FBEF9-4B63-425F-9CAD-C1007D4E81AC}.Debug|x64.Build.0 = Debug|Any CPU
		{785FBEF9-4B63-425F-9CAD-C1007D4E81AC}.Debug|x86.ActiveCfg = Debug|Any CPU
		{785FBEF9-4B63-425F-9CAD-C1007D4E81AC}.Debug|x86.Build.0 = Debug|Any CPU
		{785FBEF9-4B63-425F-9CAD-C1007D4E81AC}.Release|Any CPU.ActiveCfg = Release|Any CPU
		{785FBEF9-4B63-425F-9CAD-C1007D4E81AC}.Release|Any CPU.Build.0 = Release|Any CPU
		{785FBEF9-4B63-425F-9CAD-C1007D4E81AC}.Release|x64.ActiveCfg = Release|Any CPU
		{785FBEF9-4B63-425F-9CAD-C1007D4E81AC}.Release|x64.Build.0 = Release|Any CPU
		{785FBEF9-4B63-425F-9CAD-C1007D4E81AC}.Release|x86.ActiveCfg = Release|Any CPU
		{785FBEF9-4B63-425F-9CAD-C1007D4E81AC}.Release|x86.Build.0 = Release|Any CPU
		{B50D82CE-FE3A-45E9-8A5F-EE1B527A0002}.Debug|Any CPU.ActiveCfg = Debug|Any CPU
		{B50D82CE-FE3A-45E9-8A5F-EE1B527A0002}.Debug|Any CPU.Build.0 = Debug|Any CPU
		{B50D82CE-FE3A-45E9-8A5F-EE1B527A0002}.Debug|x64.ActiveCfg = Debug|Any CPU
		{B50D82CE-FE3A-45E9-8A5F-EE1B527A0002}.Debug|x64.Build.0 = Debug|Any CPU
		{B50D82CE-FE3A-45E9-8A5F-EE1B527A0002}.Debug|x86.ActiveCfg = Debug|Any CPU
		{B50D82CE-FE3A-45E9-8A5F-EE1B527A0002}.Debug|x86.Build.0 = Debug|Any CPU
		{B50D82CE-FE3A-45E9-8A5F-EE1B527A0002}.Release|Any CPU.ActiveCfg = Release|Any CPU
		{B50D82CE-FE3A-45E9-8A5F-EE1B527A0002}.Release|Any CPU.Build.0 = Release|Any CPU
		{B50D82CE-FE3A-45E9-8A5F-EE1B527A0002}.Release|x64.ActiveCfg = Release|Any CPU
		{B50D82CE-FE3A-45E9-8A5F-EE1B527A0002}.Release|x64.Build.0 = Release|Any CPU
		{B50D82CE-FE3A-45E9-8A5F-EE1B527A0002}.Release|x86.ActiveCfg = Release|Any CPU
		{B50D82CE-FE3A-45E9-8A5F-EE1B527A0002}.Release|x86.Build.0 = Release|Any CPU
		{77C7BD59-01B2-48D6-877E-95AC1C65EE4C}.Debug|Any CPU.ActiveCfg = Debug|Any CPU
		{77C7BD59-01B2-48D6-877E-95AC1C65EE4C}.Debug|Any CPU.Build.0 = Debug|Any CPU
		{77C7BD59-01B2-48D6-877E-95AC1C65EE4C}.Debug|x64.ActiveCfg = Debug|Any CPU
		{77C7BD59-01B2-48D6-877E-95AC1C65EE4C}.Debug|x64.Build.0 = Debug|Any CPU
		{77C7BD59-01B2-48D6-877E-95AC1C65EE4C}.Debug|x86.ActiveCfg = Debug|Any CPU
		{77C7BD59-01B2-48D6-877E-95AC1C65EE4C}.Debug|x86.Build.0 = Debug|Any CPU
		{77C7BD59-01B2-48D6-877E-95AC1C65EE4C}.Release|Any CPU.ActiveCfg = Release|Any CPU
		{77C7BD59-01B2-48D6-877E-95AC1C65EE4C}.Release|Any CPU.Build.0 = Release|Any CPU
		{77C7BD59-01B2-48D6-877E-95AC1C65EE4C}.Release|x64.ActiveCfg = Release|Any CPU
		{77C7BD59-01B2-48D6-877E-95AC1C65EE4C}.Release|x64.Build.0 = Release|Any CPU
		{77C7BD59-01B2-48D6-877E-95AC1C65EE4C}.Release|x86.ActiveCfg = Release|Any CPU
		{77C7BD59-01B2-48D6-877E-95AC1C65EE4C}.Release|x86.Build.0 = Release|Any CPU
		{0B18FE5C-1F2E-46D2-B8E0-BC06B99CD599}.Debug|Any CPU.ActiveCfg = Debug|Any CPU
		{0B18FE5C-1F2E-46D2-B8E0-BC06B99CD599}.Debug|Any CPU.Build.0 = Debug|Any CPU
		{0B18FE5C-1F2E-46D2-B8E0-BC06B99CD599}.Debug|x64.ActiveCfg = Debug|Any CPU
		{0B18FE5C-1F2E-46D2-B8E0-BC06B99CD599}.Debug|x64.Build.0 = Debug|Any CPU
		{0B18FE5C-1F2E-46D2-B8E0-BC06B99CD599}.Debug|x86.ActiveCfg = Debug|Any CPU
		{0B18FE5C-1F2E-46D2-B8E0-BC06B99CD599}.Debug|x86.Build.0 = Debug|Any CPU
		{0B18FE5C-1F2E-46D2-B8E0-BC06B99CD599}.Release|Any CPU.ActiveCfg = Release|Any CPU
		{0B18FE5C-1F2E-46D2-B8E0-BC06B99CD599}.Release|Any CPU.Build.0 = Release|Any CPU
		{0B18FE5C-1F2E-46D2-B8E0-BC06B99CD599}.Release|x64.ActiveCfg = Release|Any CPU
		{0B18FE5C-1F2E-46D2-B8E0-BC06B99CD599}.Release|x64.Build.0 = Release|Any CPU
		{0B18FE5C-1F2E-46D2-B8E0-BC06B99CD599}.Release|x86.ActiveCfg = Release|Any CPU
		{0B18FE5C-1F2E-46D2-B8E0-BC06B99CD599}.Release|x86.Build.0 = Release|Any CPU
		{B6D8C2AD-EECF-41B2-B986-A70D0C6C41DB}.Debug|Any CPU.ActiveCfg = Debug|Any CPU
		{B6D8C2AD-EECF-41B2-B986-A70D0C6C41DB}.Debug|Any CPU.Build.0 = Debug|Any CPU
		{B6D8C2AD-EECF-41B2-B986-A70D0C6C41DB}.Debug|x64.ActiveCfg = Debug|Any CPU
		{B6D8C2AD-EECF-41B2-B986-A70D0C6C41DB}.Debug|x64.Build.0 = Debug|Any CPU
		{B6D8C2AD-EECF-41B2-B986-A70D0C6C41DB}.Debug|x86.ActiveCfg = Debug|Any CPU
		{B6D8C2AD-EECF-41B2-B986-A70D0C6C41DB}.Debug|x86.Build.0 = Debug|Any CPU
		{B6D8C2AD-EECF-41B2-B986-A70D0C6C41DB}.Release|Any CPU.ActiveCfg = Release|Any CPU
		{B6D8C2AD-EECF-41B2-B986-A70D0C6C41DB}.Release|Any CPU.Build.0 = Release|Any CPU
		{B6D8C2AD-EECF-41B2-B986-A70D0C6C41DB}.Release|x64.ActiveCfg = Release|Any CPU
		{B6D8C2AD-EECF-41B2-B986-A70D0C6C41DB}.Release|x64.Build.0 = Release|Any CPU
		{B6D8C2AD-EECF-41B2-B986-A70D0C6C41DB}.Release|x86.ActiveCfg = Release|Any CPU
		{B6D8C2AD-EECF-41B2-B986-A70D0C6C41DB}.Release|x86.Build.0 = Release|Any CPU
		{E66F1A44-03EE-4CDC-BB4C-20ACD0406E84}.Debug|Any CPU.ActiveCfg = Debug|Any CPU
		{E66F1A44-03EE-4CDC-BB4C-20ACD0406E84}.Debug|Any CPU.Build.0 = Debug|Any CPU
		{E66F1A44-03EE-4CDC-BB4C-20ACD0406E84}.Debug|x64.ActiveCfg = Debug|Any CPU
		{E66F1A44-03EE-4CDC-BB4C-20ACD0406E84}.Debug|x64.Build.0 = Debug|Any CPU
		{E66F1A44-03EE-4CDC-BB4C-20ACD0406E84}.Debug|x86.ActiveCfg = Debug|Any CPU
		{E66F1A44-03EE-4CDC-BB4C-20ACD0406E84}.Debug|x86.Build.0 = Debug|Any CPU
		{E66F1A44-03EE-4CDC-BB4C-20ACD0406E84}.Release|Any CPU.ActiveCfg = Release|Any CPU
		{E66F1A44-03EE-4CDC-BB4C-20ACD0406E84}.Release|Any CPU.Build.0 = Release|Any CPU
		{E66F1A44-03EE-4CDC-BB4C-20ACD0406E84}.Release|x64.ActiveCfg = Release|Any CPU
		{E66F1A44-03EE-4CDC-BB4C-20ACD0406E84}.Release|x64.Build.0 = Release|Any CPU
		{E66F1A44-03EE-4CDC-BB4C-20ACD0406E84}.Release|x86.ActiveCfg = Release|Any CPU
		{E66F1A44-03EE-4CDC-BB4C-20ACD0406E84}.Release|x86.Build.0 = Release|Any CPU
	EndGlobalSection
	GlobalSection(NestedProjects) = preSolution
		{E7576223-CAA9-46E4-AAA5-DE16815424FA} = {1806C40A-D845-4067-9CA5-DECDA4B8AD0C}
		{2BB013FE-060F-4FE4-91A4-E575DED2043F} = {BD13172B-8002-4C95-9BF4-0B99966B9B0B}
		{DDC1AA0D-26CC-441A-8354-F4B71003D5DE} = {BD13172B-8002-4C95-9BF4-0B99966B9B0B}
		{4200E53F-CE0B-4B53-8CA5-301B2DA7DE48} = {1806C40A-D845-4067-9CA5-DECDA4B8AD0C}
		{848D9EE7-8460-44A7-BF5B-6D0137165DE7} = {BD13172B-8002-4C95-9BF4-0B99966B9B0B}
		{A22D12E5-53E2-4CB7-9524-2C42C19181F2} = {1806C40A-D845-4067-9CA5-DECDA4B8AD0C}
		{5461218F-F9EE-4150-8699-4AE3E2480890} = {BD13172B-8002-4C95-9BF4-0B99966B9B0B}
		{0C963A4E-B050-41C5-B810-ECD89837E2B7} = {1806C40A-D845-4067-9CA5-DECDA4B8AD0C}
		{785FBEF9-4B63-425F-9CAD-C1007D4E81AC} = {BD13172B-8002-4C95-9BF4-0B99966B9B0B}
		{B50D82CE-FE3A-45E9-8A5F-EE1B527A0002} = {1806C40A-D845-4067-9CA5-DECDA4B8AD0C}
		{77C7BD59-01B2-48D6-877E-95AC1C65EE4C} = {BD13172B-8002-4C95-9BF4-0B99966B9B0B}
		{0B18FE5C-1F2E-46D2-B8E0-BC06B99CD599} = {1806C40A-D845-4067-9CA5-DECDA4B8AD0C}
		{B6D8C2AD-EECF-41B2-B986-A70D0C6C41DB} = {BD13172B-8002-4C95-9BF4-0B99966B9B0B}
		{E66F1A44-03EE-4CDC-BB4C-20ACD0406E84} = {1806C40A-D845-4067-9CA5-DECDA4B8AD0C}
	EndGlobalSection
EndGlobal
